
Microsoft Visual Studio Solution File, Format Version 12.00
# Visual Studio 15
VisualStudioVersion = 15.0.27428.2005
MinimumVisualStudioVersion = 10.0.40219.1
Project("{9A19103F-16F7-4668-BE54-9A1E7A4F7556}") = "Mediating.Sample", "src\hand-crafted\Mediating.Sample\Mediating.Sample.csproj", "{65A578E2-26D8-497B-BBC1-D76EEA59584F}"
EndProject
Global
	GlobalSection(SolutionConfigurationPlatforms) = preSolution
		Debug|Any CPU = Debug|Any CPU
		Release|Any CPU = Release|Any CPU
	EndGlobalSection
	GlobalSection(ProjectConfigurationPlatforms) = postSolution
		{65A578E2-26D8-497B-BBC1-D76EEA59584F}.Debug|Any CPU.ActiveCfg = Debug|Any CPU
		{65A578E2-26D8-497B-BBC1-D76EEA59584F}.Debug|Any CPU.Build.0 = Debug|Any CPU
		{65A578E2-26D8-497B-BBC1-D76EEA59584F}.Release|Any CPU.ActiveCfg = Release|Any CPU
		{65A578E2-26D8-497B-BBC1-D76EEA59584F}.Release|Any CPU.Build.0 = Release|Any CPU
	EndGlobalSection
	GlobalSection(SolutionProperties) = preSolution
		HideSolutionNode = FALSE
	EndGlobalSection
	GlobalSection(ExtensibilityGlobals) = postSolution
		SolutionGuid = {1434CC61-BD45-4B94-8171-CE5566AA1945}
	EndGlobalSection
EndGlobal
